
Microsoft Visual Studio Solution File, Format Version 12.00
# Visual Studio Version 16
VisualStudioVersion = 16.0.29905.134
MinimumVisualStudioVersion = 10.0.40219.1
Project("{8BC9CEB8-8B4A-11D0-8D11-00A0C91BC942}") = "ez-wmr", "ez-wmr.vcxproj", "{1E060AE6-0F9A-4448-9804-1F87A22D80A0}"
EndProject
Global
	GlobalSection(SolutionConfigurationPlatforms) = preSolution
		Debug|x64 = Debug|x64
		Debug|x86 = Debug|x86
		Release|x64 = Release|x64
		Release|x86 = Release|x86
	EndGlobalSection
	GlobalSection(ProjectConfigurationPlatforms) = postSolution
		{1E060AE6-0F9A-4448-9804-1F87A22D80A0}.Debug|x64.ActiveCfg = Debug|x64
		{1E060AE6-0F9A-4448-9804-1F87A22D80A0}.Debug|x64.Build.0 = Debug|x64
		{1E060AE6-0F9A-4448-9804-1F87A22D80A0}.Debug|x86.ActiveCfg = Debug|Win32
		{1E060AE6-0F9A-4448-9804-1F87A22D80A0}.Debug|x86.Build.0 = Debug|Win32
		{1E060AE6-0F9A-4448-9804-1F87A22D80A0}.Release|x64.ActiveCfg = Release|x64
		{1E060AE6-0F9A-4448-9804-1F87A22D80A0}.Release|x64.Build.0 = Release|x64
		{1E060AE6-0F9A-4448-9804-1F87A22D80A0}.Release|x86.ActiveCfg = Release|Win32
		{1E060AE6-0F9A-4448-9804-1F87A22D80A0}.Release|x86.Build.0 = Release|Win32
	EndGlobalSection
	GlobalSection(SolutionProperties) = preSolution
		HideSolutionNode = FALSE
	EndGlobalSection
	GlobalSection(ExtensibilityGlobals) = postSolution
		SolutionGuid = {A67CE183-2ADB-4CBA-9836-D2A285FF5F7A}
	EndGlobalSection
EndGlobal
